
Microsoft Visual Studio Solution File, Format Version 12.00
# Visual Studio 15
VisualStudioVersion = 15.0.26124.0
MinimumVisualStudioVersion = 15.0.26124.0
Project("{FAE04EC0-301F-11D3-BF4B-00C04F79EFBC}") = "CL3C.Models", "CL3C.Models\CL3C.Models.csproj", "{FD9F3D81-F175-449B-8E57-6428ED9595D4}"
EndProject
Project("{FAE04EC0-301F-11D3-BF4B-00C04F79EFBC}") = "CL3C.Services", "CL3C.Services\CL3C.Services.csproj", "{57273E2B-14B0-4A53-9EE0-03B9670611CF}"
EndProject
Project("{FAE04EC0-301F-11D3-BF4B-00C04F79EFBC}") = "ExchangeRatesLib", "ExchangeRatesLib\ExchangeRatesLib.csproj", "{3C388624-A552-4F58-B8F9-9FE612501A98}"
EndProject
Project("{FAE04EC0-301F-11D3-BF4B-00C04F79EFBC}") = "SimonWebMVC", "SimonWebMVC\SimonWebMVC.csproj", "{220C5772-DE16-4B7E-9788-E4AA4BC60357}"
EndProject
Global
	GlobalSection(SolutionConfigurationPlatforms) = preSolution
		Debug|Any CPU = Debug|Any CPU
		Debug|x64 = Debug|x64
		Debug|x86 = Debug|x86
		Release|Any CPU = Release|Any CPU
		Release|x64 = Release|x64
		Release|x86 = Release|x86
	EndGlobalSection
	GlobalSection(SolutionProperties) = preSolution
		HideSolutionNode = FALSE
	EndGlobalSection
	GlobalSection(ProjectConfigurationPlatforms) = postSolution
		{FD9F3D81-F175-449B-8E57-6428ED9595D4}.Debug|Any CPU.ActiveCfg = Debug|Any CPU
		{FD9F3D81-F175-449B-8E57-6428ED9595D4}.Debug|Any CPU.Build.0 = Debug|Any CPU
		{FD9F3D81-F175-449B-8E57-6428ED9595D4}.Debug|x64.ActiveCfg = Debug|Any CPU
		{FD9F3D81-F175-449B-8E57-6428ED9595D4}.Debug|x64.Build.0 = Debug|Any CPU
		{FD9F3D81-F175-449B-8E57-6428ED9595D4}.Debug|x86.ActiveCfg = Debug|Any CPU
		{FD9F3D81-F175-449B-8E57-6428ED9595D4}.Debug|x86.Build.0 = Debug|Any CPU
		{FD9F3D81-F175-449B-8E57-6428ED9595D4}.Release|Any CPU.ActiveCfg = Release|Any CPU
		{FD9F3D81-F175-449B-8E57-6428ED9595D4}.Release|Any CPU.Build.0 = Release|Any CPU
		{FD9F3D81-F175-449B-8E57-6428ED9595D4}.Release|x64.ActiveCfg = Release|Any CPU
		{FD9F3D81-F175-449B-8E57-6428ED9595D4}.Release|x64.Build.0 = Release|Any CPU
		{FD9F3D81-F175-449B-8E57-6428ED9595D4}.Release|x86.ActiveCfg = Release|Any CPU
		{FD9F3D81-F175-449B-8E57-6428ED9595D4}.Release|x86.Build.0 = Release|Any CPU
		{57273E2B-14B0-4A53-9EE0-03B9670611CF}.Debug|Any CPU.ActiveCfg = Debug|Any CPU
		{57273E2B-14B0-4A53-9EE0-03B9670611CF}.Debug|Any CPU.Build.0 = Debug|Any CPU
		{57273E2B-14B0-4A53-9EE0-03B9670611CF}.Debug|x64.ActiveCfg = Debug|Any CPU
		{57273E2B-14B0-4A53-9EE0-03B9670611CF}.Debug|x64.Build.0 = Debug|Any CPU
		{57273E2B-14B0-4A53-9EE0-03B9670611CF}.Debug|x86.ActiveCfg = Debug|Any CPU
		{57273E2B-14B0-4A53-9EE0-03B9670611CF}.Debug|x86.Build.0 = Debug|Any CPU
		{57273E2B-14B0-4A53-9EE0-03B9670611CF}.Release|Any CPU.ActiveCfg = Release|Any CPU
		{57273E2B-14B0-4A53-9EE0-03B9670611CF}.Release|Any CPU.Build.0 = Release|Any CPU
		{57273E2B-14B0-4A53-9EE0-03B9670611CF}.Release|x64.ActiveCfg = Release|Any CPU
		{57273E2B-14B0-4A53-9EE0-03B9670611CF}.Release|x64.Build.0 = Release|Any CPU
		{57273E2B-14B0-4A53-9EE0-03B9670611CF}.Release|x86.ActiveCfg = Release|Any CPU
		{57273E2B-14B0-4A53-9EE0-03B9670611CF}.Release|x86.Build.0 = Release|Any CPU
		{3C388624-A552-4F58-B8F9-9FE612501A98}.Debug|Any CPU.ActiveCfg = Debug|Any CPU
		{3C388624-A552-4F58-B8F9-9FE612501A98}.Debug|Any CPU.Build.0 = Debug|Any CPU
		{3C388624-A552-4F58-B8F9-9FE612501A98}.Debug|x64.ActiveCfg = Debug|Any CPU
		{3C388624-A552-4F58-B8F9-9FE612501A98}.Debug|x64.Build.0 = Debug|Any CPU
		{3C388624-A552-4F58-B8F9-9FE612501A98}.Debug|x86.ActiveCfg = Debug|Any CPU
		{3C388624-A552-4F58-B8F9-9FE612501A98}.Debug|x86.Build.0 = Debug|Any CPU
		{3C388624-A552-4F58-B8F9-9FE612501A98}.Release|Any CPU.ActiveCfg = Release|Any CPU
		{3C388624-A552-4F58-B8F9-9FE612501A98}.Release|Any CPU.Build.0 = Release|Any CPU
		{3C388624-A552-4F58-B8F9-9FE612501A98}.Release|x64.ActiveCfg = Release|Any CPU
		{3C388624-A552-4F58-B8F9-9FE612501A98}.Release|x64.Build.0 = Release|Any CPU
		{3C388624-A552-4F58-B8F9-9FE612501A98}.Release|x86.ActiveCfg = Release|Any CPU
		{3C388624-A552-4F58-B8F9-9FE612501A98}.Release|x86.Build.0 = Release|Any CPU
		{220C5772-DE16-4B7E-9788-E4AA4BC60357}.Debug|Any CPU.ActiveCfg = Debug|Any CPU
		{220C5772-DE16-4B7E-9788-E4AA4BC60357}.Debug|Any CPU.Build.0 = Debug|Any CPU
		{220C5772-DE16-4B7E-9788-E4AA4BC60357}.Debug|x64.ActiveCfg = Debug|Any CPU
		{220C5772-DE16-4B7E-9788-E4AA4BC60357}.Debug|x64.Build.0 = Debug|Any CPU
		{220C5772-DE16-4B7E-9788-E4AA4BC60357}.Debug|x86.ActiveCfg = Debug|Any CPU
		{220C5772-DE16-4B7E-9788-E4AA4BC60357}.Debug|x86.Build.0 = Debug|Any CPU
		{220C5772-DE16-4B7E-9788-E4AA4BC60357}.Release|Any CPU.ActiveCfg = Release|Any CPU
		{220C5772-DE16-4B7E-9788-E4AA4BC60357}.Release|Any CPU.Build.0 = Release|Any CPU
		{220C5772-DE16-4B7E-9788-E4AA4BC60357}.Release|x64.ActiveCfg = Release|Any CPU
		{220C5772-DE16-4B7E-9788-E4AA4BC60357}.Release|x64.Build.0 = Release|Any CPU
		{220C5772-DE16-4B7E-9788-E4AA4BC60357}.Release|x86.ActiveCfg = Release|Any CPU
		{220C5772-DE16-4B7E-9788-E4AA4BC60357}.Release|x86.Build.0 = Release|Any CPU
	EndGlobalSection
EndGlobal
